
Microsoft Visual Studio Solution File, Format Version 12.00
# Visual Studio Version 16
VisualStudioVersion = 16.0.29806.167
MinimumVisualStudioVersion = 10.0.40219.1
Project("{9A19103F-16F7-4668-BE54-9A1E7A4F7556}") = "Api", "src\Api\Api.csproj", "{E85541C1-7090-4121-8D7B-667BB5FC6CD7}"
EndProject
Project("{9A19103F-16F7-4668-BE54-9A1E7A4F7556}") = "ConsoleClient", "src\ConsoleClient\ConsoleClient.csproj", "{8EE87F99-8612-4FBD-AA12-8FCC328648E2}"
EndProject
Project("{9A19103F-16F7-4668-BE54-9A1E7A4F7556}") = "Grains", "src\Grains\Grains.csproj", "{A4A23EC8-71CB-4365-9537-4E2A8C967212}"
EndProject
Project("{9A19103F-16F7-4668-BE54-9A1E7A4F7556}") = "IdentityServer", "src\IdentityServer\IdentityServer.csproj", "{527A1C3F-A0C7-4460-8B93-6711EF7A558E}"
EndProject
Project("{9A19103F-16F7-4668-BE54-9A1E7A4F7556}") = "GrainsInterfaces", "src\Interfaces\GrainsInterfaces.csproj", "{7226B9CF-E46E-42AD-AE46-8764C4E42C0F}"
EndProject
Project("{9A19103F-16F7-4668-BE54-9A1E7A4F7556}") = "WebClient", "src\WebClient\WebClient.csproj", "{6EBEF3A7-A901-4D66-9555-368A467F2F1B}"
EndProject
Project("{9A19103F-16F7-4668-BE54-9A1E7A4F7556}") = "NativeClient", "src\NativeClient\NativeClient.csproj", "{3219047A-352A-4CD5-B299-88CA10D81C9B}"
EndProject
Project("{9A19103F-16F7-4668-BE54-9A1E7A4F7556}") = "Common", "src\Common\Common.csproj", "{575E031B-F469-47D1-823B-90364C10B164}"
EndProject
Project("{2150E333-8FDC-42A3-9474-1A3956D46DE8}") = "Cluster", "Cluster", "{C0E5FCA4-A29E-4A72-95DA-992AECD097A1}"
EndProject
Project("{2150E333-8FDC-42A3-9474-1A3956D46DE8}") = "Clients", "Clients", "{70B840FC-8261-46DE-8642-1B826DB1A77D}"
EndProject
Project("{9A19103F-16F7-4668-BE54-9A1E7A4F7556}") = "DesktopClient", "src\DesktopClient\DesktopClient.csproj", "{1831796D-6B0C-47E8-B064-44A1E049DB0C}"
EndProject
Project("{151D2E53-A2C4-4D7D-83FE-D05416EBD58E}") = "ClusterDeployment", "deploy\ClusterDeployment\ClusterDeployment.deployproj", "{C5230D86-13E3-47AB-AC0C-51A189EC2336}"
EndProject
Project("{2150E333-8FDC-42A3-9474-1A3956D46DE8}") = "deploy", "deploy", "{70D8D567-05B0-4A7F-8821-34E3678C8612}"
EndProject
Project("{2150E333-8FDC-42A3-9474-1A3956D46DE8}") = "src", "src", "{445EE7DF-EAF8-40CC-B860-89E4A6DCF92F}"
EndProject
Project("{6EC3EE1D-3C4E-46DD-8F32-0CC8E7565705}") = "ClusterDeploymentApp", "deploy\ClusterDeploymentApp\ClusterDeploymentApp.fsproj", "{A3849FA4-DDCD-4F90-91D1-6B614B40B99F}"
EndProject
Project("{9A19103F-16F7-4668-BE54-9A1E7A4F7556}") = "ReactWebClient", "src\ReactWebClient\ReactWebClient.csproj", "{F3950315-A3C6-4621-9CF1-F4F465A8AA8B}"
EndProject
Project("{9A19103F-16F7-4668-BE54-9A1E7A4F7556}") = "SiloHost", "src\SiloHost\SiloHost.csproj", "{B7162B3B-D520-4428-AEB5-7CBF88B4D454}"
EndProject
Global
	GlobalSection(SolutionConfigurationPlatforms) = preSolution
		Debug|Any CPU = Debug|Any CPU
		Release|Any CPU = Release|Any CPU
	EndGlobalSection
	GlobalSection(ProjectConfigurationPlatforms) = postSolution
		{E85541C1-7090-4121-8D7B-667BB5FC6CD7}.Debug|Any CPU.ActiveCfg = Debug|Any CPU
		{E85541C1-7090-4121-8D7B-667BB5FC6CD7}.Debug|Any CPU.Build.0 = Debug|Any CPU
		{E85541C1-7090-4121-8D7B-667BB5FC6CD7}.Release|Any CPU.ActiveCfg = Release|Any CPU
		{E85541C1-7090-4121-8D7B-667BB5FC6CD7}.Release|Any CPU.Build.0 = Release|Any CPU
		{8EE87F99-8612-4FBD-AA12-8FCC328648E2}.Debug|Any CPU.ActiveCfg = Debug|Any CPU
		{8EE87F99-8612-4FBD-AA12-8FCC328648E2}.Debug|Any CPU.Build.0 = Debug|Any CPU
		{8EE87F99-8612-4FBD-AA12-8FCC328648E2}.Release|Any CPU.ActiveCfg = Release|Any CPU
		{8EE87F99-8612-4FBD-AA12-8FCC328648E2}.Release|Any CPU.Build.0 = Release|Any CPU
		{A4A23EC8-71CB-4365-9537-4E2A8C967212}.Debug|Any CPU.ActiveCfg = Debug|Any CPU
		{A4A23EC8-71CB-4365-9537-4E2A8C967212}.Debug|Any CPU.Build.0 = Debug|Any CPU
		{A4A23EC8-71CB-4365-9537-4E2A8C967212}.Release|Any CPU.ActiveCfg = Release|Any CPU
		{A4A23EC8-71CB-4365-9537-4E2A8C967212}.Release|Any CPU.Build.0 = Release|Any CPU
		{527A1C3F-A0C7-4460-8B93-6711EF7A558E}.Debug|Any CPU.ActiveCfg = Debug|Any CPU
		{527A1C3F-A0C7-4460-8B93-6711EF7A558E}.Debug|Any CPU.Build.0 = Debug|Any CPU
		{527A1C3F-A0C7-4460-8B93-6711EF7A558E}.Release|Any CPU.ActiveCfg = Release|Any CPU
		{527A1C3F-A0C7-4460-8B93-6711EF7A558E}.Release|Any CPU.Build.0 = Release|Any CPU
		{7226B9CF-E46E-42AD-AE46-8764C4E42C0F}.Debug|Any CPU.ActiveCfg = Debug|Any CPU
		{7226B9CF-E46E-42AD-AE46-8764C4E42C0F}.Debug|Any CPU.Build.0 = Debug|Any CPU
		{7226B9CF-E46E-42AD-AE46-8764C4E42C0F}.Release|Any CPU.ActiveCfg = Release|Any CPU
		{7226B9CF-E46E-42AD-AE46-8764C4E42C0F}.Release|Any CPU.Build.0 = Release|Any CPU
		{6EBEF3A7-A901-4D66-9555-368A467F2F1B}.Debug|Any CPU.ActiveCfg = Debug|Any CPU
		{6EBEF3A7-A901-4D66-9555-368A467F2F1B}.Debug|Any CPU.Build.0 = Debug|Any CPU
		{6EBEF3A7-A901-4D66-9555-368A467F2F1B}.Release|Any CPU.ActiveCfg = Release|Any CPU
		{6EBEF3A7-A901-4D66-9555-368A467F2F1B}.Release|Any CPU.Build.0 = Release|Any CPU
		{3219047A-352A-4CD5-B299-88CA10D81C9B}.Debug|Any CPU.ActiveCfg = Debug|Any CPU
		{3219047A-352A-4CD5-B299-88CA10D81C9B}.Debug|Any CPU.Build.0 = Debug|Any CPU
		{3219047A-352A-4CD5-B299-88CA10D81C9B}.Release|Any CPU.ActiveCfg = Release|Any CPU
		{3219047A-352A-4CD5-B299-88CA10D81C9B}.Release|Any CPU.Build.0 = Release|Any CPU
		{575E031B-F469-47D1-823B-90364C10B164}.Debug|Any CPU.ActiveCfg = Debug|Any CPU
		{575E031B-F469-47D1-823B-90364C10B164}.Debug|Any CPU.Build.0 = Debug|Any CPU
		{575E031B-F469-47D1-823B-90364C10B164}.Release|Any CPU.ActiveCfg = Release|Any CPU
		{575E031B-F469-47D1-823B-90364C10B164}.Release|Any CPU.Build.0 = Release|Any CPU
		{1831796D-6B0C-47E8-B064-44A1E049DB0C}.Debug|Any CPU.ActiveCfg = Debug|Any CPU
		{1831796D-6B0C-47E8-B064-44A1E049DB0C}.Debug|Any CPU.Build.0 = Debug|Any CPU
		{1831796D-6B0C-47E8-B064-44A1E049DB0C}.Release|Any CPU.ActiveCfg = Release|Any CPU
		{1831796D-6B0C-47E8-B064-44A1E049DB0C}.Release|Any CPU.Build.0 = Release|Any CPU
		{C5230D86-13E3-47AB-AC0C-51A189EC2336}.Debug|Any CPU.ActiveCfg = Debug|Any CPU
		{C5230D86-13E3-47AB-AC0C-51A189EC2336}.Debug|Any CPU.Build.0 = Debug|Any CPU
		{C5230D86-13E3-47AB-AC0C-51A189EC2336}.Release|Any CPU.ActiveCfg = Release|Any CPU
		{C5230D86-13E3-47AB-AC0C-51A189EC2336}.Release|Any CPU.Build.0 = Release|Any CPU
		{A3849FA4-DDCD-4F90-91D1-6B614B40B99F}.Debug|Any CPU.ActiveCfg = Debug|Any CPU
		{A3849FA4-DDCD-4F90-91D1-6B614B40B99F}.Debug|Any CPU.Build.0 = Debug|Any CPU
		{A3849FA4-DDCD-4F90-91D1-6B614B40B99F}.Release|Any CPU.ActiveCfg = Release|Any CPU
		{A3849FA4-DDCD-4F90-91D1-6B614B40B99F}.Release|Any CPU.Build.0 = Release|Any CPU
		{F3950315-A3C6-4621-9CF1-F4F465A8AA8B}.Debug|Any CPU.ActiveCfg = Debug|Any CPU
		{F3950315-A3C6-4621-9CF1-F4F465A8AA8B}.Debug|Any CPU.Build.0 = Debug|Any CPU
		{F3950315-A3C6-4621-9CF1-F4F465A8AA8B}.Release|Any CPU.ActiveCfg = Release|Any CPU
		{F3950315-A3C6-4621-9CF1-F4F465A8AA8B}.Release|Any CPU.Build.0 = Release|Any CPU
		{B7162B3B-D520-4428-AEB5-7CBF88B4D454}.Debug|Any CPU.ActiveCfg = Debug|Any CPU
		{B7162B3B-D520-4428-AEB5-7CBF88B4D454}.Debug|Any CPU.Build.0 = Debug|Any CPU
		{B7162B3B-D520-4428-AEB5-7CBF88B4D454}.Release|Any CPU.ActiveCfg = Release|Any CPU
		{B7162B3B-D520-4428-AEB5-7CBF88B4D454}.Release|Any CPU.Build.0 = Release|Any CPU
	EndGlobalSection
	GlobalSection(SolutionProperties) = preSolution
		HideSolutionNode = FALSE
	EndGlobalSection
	GlobalSection(NestedProjects) = preSolution
		{E85541C1-7090-4121-8D7B-667BB5FC6CD7} = {C0E5FCA4-A29E-4A72-95DA-992AECD097A1}
		{8EE87F99-8612-4FBD-AA12-8FCC328648E2} = {70B840FC-8261-46DE-8642-1B826DB1A77D}
		{A4A23EC8-71CB-4365-9537-4E2A8C967212} = {C0E5FCA4-A29E-4A72-95DA-992AECD097A1}
		{527A1C3F-A0C7-4460-8B93-6711EF7A558E} = {445EE7DF-EAF8-40CC-B860-89E4A6DCF92F}
		{7226B9CF-E46E-42AD-AE46-8764C4E42C0F} = {C0E5FCA4-A29E-4A72-95DA-992AECD097A1}
		{6EBEF3A7-A901-4D66-9555-368A467F2F1B} = {70B840FC-8261-46DE-8642-1B826DB1A77D}
		{3219047A-352A-4CD5-B299-88CA10D81C9B} = {70B840FC-8261-46DE-8642-1B826DB1A77D}
		{575E031B-F469-47D1-823B-90364C10B164} = {445EE7DF-EAF8-40CC-B860-89E4A6DCF92F}
		{C0E5FCA4-A29E-4A72-95DA-992AECD097A1} = {445EE7DF-EAF8-40CC-B860-89E4A6DCF92F}
		{70B840FC-8261-46DE-8642-1B826DB1A77D} = {445EE7DF-EAF8-40CC-B860-89E4A6DCF92F}
		{1831796D-6B0C-47E8-B064-44A1E049DB0C} = {70B840FC-8261-46DE-8642-1B826DB1A77D}
		{C5230D86-13E3-47AB-AC0C-51A189EC2336} = {70D8D567-05B0-4A7F-8821-34E3678C8612}
		{A3849FA4-DDCD-4F90-91D1-6B614B40B99F} = {70D8D567-05B0-4A7F-8821-34E3678C8612}
		{F3950315-A3C6-4621-9CF1-F4F465A8AA8B} = {70B840FC-8261-46DE-8642-1B826DB1A77D}
		{B7162B3B-D520-4428-AEB5-7CBF88B4D454} = {C0E5FCA4-A29E-4A72-95DA-992AECD097A1}
	EndGlobalSection
	GlobalSection(ExtensibilityGlobals) = postSolution
		SolutionGuid = {FBB66F26-9832-4060-9DE1-A6397574D760}
	EndGlobalSection
EndGlobal
